
Microsoft Visual Studio Solution File, Format Version 12.00
# Visual Studio Version 16
VisualStudioVersion = 16.0.31321.278
MinimumVisualStudioVersion = 10.0.40219.1
Project("{FAE04EC0-301F-11D3-BF4B-00C04F79EFBC}") = "DemoApp1", "DemoApp1\DemoApp1.csproj", "{3C8EA857-F1EC-4E2A-9E58-A13B03291626}"
EndProject
Global
	GlobalSection(SolutionConfigurationPlatforms) = preSolution
		Debug|Any CPU = Debug|Any CPU
		Release|Any CPU = Release|Any CPU
	EndGlobalSection
	GlobalSection(ProjectConfigurationPlatforms) = postSolution
		{3C8EA857-F1EC-4E2A-9E58-A13B03291626}.Debug|Any CPU.ActiveCfg = Debug|Any CPU
		{3C8EA857-F1EC-4E2A-9E58-A13B03291626}.Debug|Any CPU.Build.0 = Debug|Any CPU
		{3C8EA857-F1EC-4E2A-9E58-A13B03291626}.Release|Any CPU.ActiveCfg = Release|Any CPU
		{3C8EA857-F1EC-4E2A-9E58-A13B03291626}.Release|Any CPU.Build.0 = Release|Any CPU
	EndGlobalSection
	GlobalSection(SolutionProperties) = preSolution
		HideSolutionNode = FALSE
	EndGlobalSection
	GlobalSection(ExtensibilityGlobals) = postSolution
		SolutionGuid = {8439B147-4FB9-45DD-A1B3-C1BECF59C6F2}
	EndGlobalSection
EndGlobal
